{
  "originHash" : "0132d08a9d19da32ccbe79743cce59536e3005accdeaabc654b86bfad058c23a",
  "pins" : [
    {
      "identity" : "cityscoutshared",
      "kind" : "remoteSourceControl",
      "location" : "https://github.com/MarwanAziz/CityScoutShared.git",
      "state" : {
        "revision" : "d2cfe6872053315247654d8d84847a8abcc8fa2c",
        "version" : "1.0.6"
      }
    },
    {
      "identity" : "kmp-nativecoroutines",
      "kind" : "remoteSourceControl",
      "location" : "https://github.com/rickclephas/KMP-NativeCoroutines.git",
      "state" : {
        "revision" : "fce8c8d25b874b2038be81bb3ba5cc51af1a976f",
        "version" : "1.0.2"
      }
    },
    {
      "identity" : "rxswift",
      "kind" : "remoteSourceControl",
      "location" : "https://github.com/ReactiveX/RxSwift.git",
      "state" : {
        "revision" : "132aea4f236ccadc51590b38af0357a331d51fa2",
        "version" : "6.10.2"
      }
    }
  ],
  "version" : 3
}
